
Microsoft Visual Studio Solution File, Format Version 12.00
# Visual Studio Version 17
VisualStudioVersion = 17.2.32602.215
MinimumVisualStudioVersion = 10.0.40219.1
Project("{FAE04EC0-301F-11D3-BF4B-00C04F79EFBC}") = "WpfReveal3", "WpfReveal3\WpfReveal3.csproj", "{CBE35C49-5300-42A7-A729-84E9FADE514A}"
EndProject
Global
	GlobalSection(SolutionConfigurationPlatforms) = preSolution
		Debug|Any CPU = Debug|Any CPU
		Release|Any CPU = Release|Any CPU
	EndGlobalSection
	GlobalSection(ProjectConfigurationPlatforms) = postSolution
		{CBE35C49-5300-42A7-A729-84E9FADE514A}.Debug|Any CPU.ActiveCfg = Debug|Any CPU
		{CBE35C49-5300-42A7-A729-84E9FADE514A}.Debug|Any CPU.Build.0 = Debug|Any CPU
		{CBE35C49-5300-42A7-A729-84E9FADE514A}.Release|Any CPU.ActiveCfg = Release|Any CPU
		{CBE35C49-5300-42A7-A729-84E9FADE514A}.Release|Any CPU.Build.0 = Release|Any CPU
	EndGlobalSection
	GlobalSection(SolutionProperties) = preSolution
		HideSolutionNode = FALSE
	EndGlobalSection
	GlobalSection(ExtensibilityGlobals) = postSolution
		SolutionGuid = {77288BEE-AF8D-4954-92C8-02A72AEAA1C0}
	EndGlobalSection
EndGlobal
